
Microsoft Visual Studio Solution File, Format Version 12.00
# Visual Studio Version 16
VisualStudioVersion = 16.0.31313.381
MinimumVisualStudioVersion = 10.0.40219.1
Project("{FAE04EC0-301F-11D3-BF4B-00C04F79EFBC}") = "SmartSchool.API", "SmartSchool.API\SmartSchool.API.csproj", "{F8C0A208-616E-478C-8BC8-5AB203ED262F}"
EndProject
Global
	GlobalSection(SolutionConfigurationPlatforms) = preSolution
		Debug|Any CPU = Debug|Any CPU
		Release|Any CPU = Release|Any CPU
	EndGlobalSection
	GlobalSection(ProjectConfigurationPlatforms) = postSolution
		{F8C0A208-616E-478C-8BC8-5AB203ED262F}.Debug|Any CPU.ActiveCfg = Debug|Any CPU
		{F8C0A208-616E-478C-8BC8-5AB203ED262F}.Debug|Any CPU.Build.0 = Debug|Any CPU
		{F8C0A208-616E-478C-8BC8-5AB203ED262F}.Release|Any CPU.ActiveCfg = Release|Any CPU
		{F8C0A208-616E-478C-8BC8-5AB203ED262F}.Release|Any CPU.Build.0 = Release|Any CPU
	EndGlobalSection
	GlobalSection(SolutionProperties) = preSolution
		HideSolutionNode = FALSE
	EndGlobalSection
	GlobalSection(ExtensibilityGlobals) = postSolution
		SolutionGuid = {D07E9C53-8E23-4A00-BE48-190E5D7F18FF}
	EndGlobalSection
EndGlobal
